
Microsoft Visual Studio Solution File, Format Version 12.00
# Visual Studio 15
VisualStudioVersion = 15.0.28307.852
MinimumVisualStudioVersion = 10.0.40219.1
Project("{FAE04EC0-301F-11D3-BF4B-00C04F79EFBC}") = "Library", "Library\Library.csproj", "{3416CAFA-9413-4D63-9A89-F97EA1E64FAF}"
EndProject
Project("{FAE04EC0-301F-11D3-BF4B-00C04F79EFBC}") = "ConsoleApp1", "ConsoleApp1\ConsoleApp1.csproj", "{87980C28-3F55-4E4F-84A5-4E6E0774BC85}"
EndProject
Project("{FAE04EC0-301F-11D3-BF4B-00C04F79EFBC}") = "LibraryTest", "UnitTestProject1\LibraryTest.csproj", "{2CE2A0D5-6532-486E-B7E9-C46DD1BE754C}"
EndProject
Global
	GlobalSection(SolutionConfigurationPlatforms) = preSolution
		Debug|Any CPU = Debug|Any CPU
		Release|Any CPU = Release|Any CPU
	EndGlobalSection
	GlobalSection(ProjectConfigurationPlatforms) = postSolution
		{3416CAFA-9413-4D63-9A89-F97EA1E64FAF}.Debug|Any CPU.ActiveCfg = Debug|Any CPU
		{3416CAFA-9413-4D63-9A89-F97EA1E64FAF}.Debug|Any CPU.Build.0 = Debug|Any CPU
		{3416CAFA-9413-4D63-9A89-F97EA1E64FAF}.Release|Any CPU.ActiveCfg = Release|Any CPU
		{3416CAFA-9413-4D63-9A89-F97EA1E64FAF}.Release|Any CPU.Build.0 = Release|Any CPU
		{87980C28-3F55-4E4F-84A5-4E6E0774BC85}.Debug|Any CPU.ActiveCfg = Debug|Any CPU
		{87980C28-3F55-4E4F-84A5-4E6E0774BC85}.Debug|Any CPU.Build.0 = Debug|Any CPU
		{87980C28-3F55-4E4F-84A5-4E6E0774BC85}.Release|Any CPU.ActiveCfg = Release|Any CPU
		{87980C28-3F55-4E4F-84A5-4E6E0774BC85}.Release|Any CPU.Build.0 = Release|Any CPU
		{2CE2A0D5-6532-486E-B7E9-C46DD1BE754C}.Debug|Any CPU.ActiveCfg = Debug|Any CPU
		{2CE2A0D5-6532-486E-B7E9-C46DD1BE754C}.Debug|Any CPU.Build.0 = Debug|Any CPU
		{2CE2A0D5-6532-486E-B7E9-C46DD1BE754C}.Release|Any CPU.ActiveCfg = Release|Any CPU
		{2CE2A0D5-6532-486E-B7E9-C46DD1BE754C}.Release|Any CPU.Build.0 = Release|Any CPU
	EndGlobalSection
	GlobalSection(SolutionProperties) = preSolution
		HideSolutionNode = FALSE
	EndGlobalSection
	GlobalSection(ExtensibilityGlobals) = postSolution
		SolutionGuid = {E9598E7B-3E80-4CF9-9334-E1D423B9484F}
	EndGlobalSection
EndGlobal
