
Microsoft Visual Studio Solution File, Format Version 12.00
# Visual Studio 15
VisualStudioVersion = 15.0.28307.1000
MinimumVisualStudioVersion = 10.0.40219.1
Project("{FAE04EC0-301F-11D3-BF4B-00C04F79EFBC}") = "View", "View\View.csproj", "{B37CA510-D2A4-4862-82ED-CAEC8C1E665E}"
EndProject
Project("{FAE04EC0-301F-11D3-BF4B-00C04F79EFBC}") = "ViewModel", "ViewModel\ViewModel.csproj", "{B488BBAC-0EDD-4DDF-8E17-03EE71894615}"
EndProject
Project("{FAE04EC0-301F-11D3-BF4B-00C04F79EFBC}") = "Test", "Test\Test.csproj", "{9CCE8A5C-8F7D-4A0B-905A-F1C8EC7163A4}"
EndProject
Project("{FAE04EC0-301F-11D3-BF4B-00C04F79EFBC}") = "Service", "Service\Service.csproj", "{56C3E7BB-BD64-4B81-A4AD-B5DB60DA8CF5}"
EndProject
Project("{2150E333-8FDC-42A3-9474-1A3956D46DE8}") = "GUI", "GUI", "{294F4D23-07E2-4AFB-BEE0-1C4D0FE1C8F3}"
EndProject
Project("{FAE04EC0-301F-11D3-BF4B-00C04F79EFBC}") = "Data", "Data\Data.csproj", "{3D990B5A-757D-479C-B554-B066D46FA09B}"
EndProject
Global
	GlobalSection(SolutionConfigurationPlatforms) = preSolution
		Debug|Any CPU = Debug|Any CPU
		Release|Any CPU = Release|Any CPU
	EndGlobalSection
	GlobalSection(ProjectConfigurationPlatforms) = postSolution
		{B37CA510-D2A4-4862-82ED-CAEC8C1E665E}.Debug|Any CPU.ActiveCfg = Debug|Any CPU
		{B37CA510-D2A4-4862-82ED-CAEC8C1E665E}.Debug|Any CPU.Build.0 = Debug|Any CPU
		{B37CA510-D2A4-4862-82ED-CAEC8C1E665E}.Release|Any CPU.ActiveCfg = Release|Any CPU
		{B37CA510-D2A4-4862-82ED-CAEC8C1E665E}.Release|Any CPU.Build.0 = Release|Any CPU
		{B488BBAC-0EDD-4DDF-8E17-03EE71894615}.Debug|Any CPU.ActiveCfg = Debug|Any CPU
		{B488BBAC-0EDD-4DDF-8E17-03EE71894615}.Debug|Any CPU.Build.0 = Debug|Any CPU
		{B488BBAC-0EDD-4DDF-8E17-03EE71894615}.Release|Any CPU.ActiveCfg = Release|Any CPU
		{B488BBAC-0EDD-4DDF-8E17-03EE71894615}.Release|Any CPU.Build.0 = Release|Any CPU
		{9CCE8A5C-8F7D-4A0B-905A-F1C8EC7163A4}.Debug|Any CPU.ActiveCfg = Debug|Any CPU
		{9CCE8A5C-8F7D-4A0B-905A-F1C8EC7163A4}.Debug|Any CPU.Build.0 = Debug|Any CPU
		{9CCE8A5C-8F7D-4A0B-905A-F1C8EC7163A4}.Release|Any CPU.ActiveCfg = Release|Any CPU
		{9CCE8A5C-8F7D-4A0B-905A-F1C8EC7163A4}.Release|Any CPU.Build.0 = Release|Any CPU
		{56C3E7BB-BD64-4B81-A4AD-B5DB60DA8CF5}.Debug|Any CPU.ActiveCfg = Debug|Any CPU
		{56C3E7BB-BD64-4B81-A4AD-B5DB60DA8CF5}.Debug|Any CPU.Build.0 = Debug|Any CPU
		{56C3E7BB-BD64-4B81-A4AD-B5DB60DA8CF5}.Release|Any CPU.ActiveCfg = Release|Any CPU
		{56C3E7BB-BD64-4B81-A4AD-B5DB60DA8CF5}.Release|Any CPU.Build.0 = Release|Any CPU
		{3D990B5A-757D-479C-B554-B066D46FA09B}.Debug|Any CPU.ActiveCfg = Debug|Any CPU
		{3D990B5A-757D-479C-B554-B066D46FA09B}.Debug|Any CPU.Build.0 = Debug|Any CPU
		{3D990B5A-757D-479C-B554-B066D46FA09B}.Release|Any CPU.ActiveCfg = Release|Any CPU
		{3D990B5A-757D-479C-B554-B066D46FA09B}.Release|Any CPU.Build.0 = Release|Any CPU
	EndGlobalSection
	GlobalSection(SolutionProperties) = preSolution
		HideSolutionNode = FALSE
	EndGlobalSection
	GlobalSection(NestedProjects) = preSolution
		{B37CA510-D2A4-4862-82ED-CAEC8C1E665E} = {294F4D23-07E2-4AFB-BEE0-1C4D0FE1C8F3}
		{B488BBAC-0EDD-4DDF-8E17-03EE71894615} = {294F4D23-07E2-4AFB-BEE0-1C4D0FE1C8F3}
	EndGlobalSection
	GlobalSection(ExtensibilityGlobals) = postSolution
		SolutionGuid = {65F7D1F4-8DB7-4917-9E75-B2110B1CFE8D}
	EndGlobalSection
EndGlobal
