
Microsoft Visual Studio Solution File, Format Version 12.00
# Visual Studio 15
VisualStudioVersion = 15.0.28307.902
MinimumVisualStudioVersion = 10.0.40219.1
Project("{FAE04EC0-301F-11D3-BF4B-00C04F79EFBC}") = "Library", "Library\Library.csproj", "{A5B7523D-4A65-4104-8F93-701055E1EE0B}"
EndProject
Project("{FAE04EC0-301F-11D3-BF4B-00C04F79EFBC}") = "LibraryTest", "LibraryTest\LibraryTest.csproj", "{E39D131C-FABC-453F-880B-EFF08A8CF663}"
EndProject
Project("{FAE04EC0-301F-11D3-BF4B-00C04F79EFBC}") = "SerializationApp", "SerializationApp\SerializationApp.csproj", "{CC6007C6-3B6F-46E0-9548-248A9138AFEB}"
EndProject
Global
	GlobalSection(SolutionConfigurationPlatforms) = preSolution
		Debug|Any CPU = Debug|Any CPU
		Debug|x64 = Debug|x64
		Release|Any CPU = Release|Any CPU
		Release|x64 = Release|x64
	EndGlobalSection
	GlobalSection(ProjectConfigurationPlatforms) = postSolution
		{A5B7523D-4A65-4104-8F93-701055E1EE0B}.Debug|Any CPU.ActiveCfg = Debug|Any CPU
		{A5B7523D-4A65-4104-8F93-701055E1EE0B}.Debug|Any CPU.Build.0 = Debug|Any CPU
		{A5B7523D-4A65-4104-8F93-701055E1EE0B}.Debug|x64.ActiveCfg = Debug|Any CPU
		{A5B7523D-4A65-4104-8F93-701055E1EE0B}.Debug|x64.Build.0 = Debug|Any CPU
		{A5B7523D-4A65-4104-8F93-701055E1EE0B}.Release|Any CPU.ActiveCfg = Release|Any CPU
		{A5B7523D-4A65-4104-8F93-701055E1EE0B}.Release|Any CPU.Build.0 = Release|Any CPU
		{A5B7523D-4A65-4104-8F93-701055E1EE0B}.Release|x64.ActiveCfg = Release|Any CPU
		{A5B7523D-4A65-4104-8F93-701055E1EE0B}.Release|x64.Build.0 = Release|Any CPU
		{E39D131C-FABC-453F-880B-EFF08A8CF663}.Debug|Any CPU.ActiveCfg = Debug|Any CPU
		{E39D131C-FABC-453F-880B-EFF08A8CF663}.Debug|Any CPU.Build.0 = Debug|Any CPU
		{E39D131C-FABC-453F-880B-EFF08A8CF663}.Debug|x64.ActiveCfg = Debug|Any CPU
		{E39D131C-FABC-453F-880B-EFF08A8CF663}.Debug|x64.Build.0 = Debug|Any CPU
		{E39D131C-FABC-453F-880B-EFF08A8CF663}.Release|Any CPU.ActiveCfg = Release|Any CPU
		{E39D131C-FABC-453F-880B-EFF08A8CF663}.Release|Any CPU.Build.0 = Release|Any CPU
		{E39D131C-FABC-453F-880B-EFF08A8CF663}.Release|x64.ActiveCfg = Release|x64
		{E39D131C-FABC-453F-880B-EFF08A8CF663}.Release|x64.Build.0 = Release|x64
		{CC6007C6-3B6F-46E0-9548-248A9138AFEB}.Debug|Any CPU.ActiveCfg = Debug|Any CPU
		{CC6007C6-3B6F-46E0-9548-248A9138AFEB}.Debug|Any CPU.Build.0 = Debug|Any CPU
		{CC6007C6-3B6F-46E0-9548-248A9138AFEB}.Debug|x64.ActiveCfg = Debug|Any CPU
		{CC6007C6-3B6F-46E0-9548-248A9138AFEB}.Debug|x64.Build.0 = Debug|Any CPU
		{CC6007C6-3B6F-46E0-9548-248A9138AFEB}.Release|Any CPU.ActiveCfg = Release|Any CPU
		{CC6007C6-3B6F-46E0-9548-248A9138AFEB}.Release|Any CPU.Build.0 = Release|Any CPU
		{CC6007C6-3B6F-46E0-9548-248A9138AFEB}.Release|x64.ActiveCfg = Release|Any CPU
		{CC6007C6-3B6F-46E0-9548-248A9138AFEB}.Release|x64.Build.0 = Release|Any CPU
	EndGlobalSection
	GlobalSection(SolutionProperties) = preSolution
		HideSolutionNode = FALSE
	EndGlobalSection
	GlobalSection(ExtensibilityGlobals) = postSolution
		SolutionGuid = {8A0FDC49-E4C4-49DC-90C3-26A7584F96F5}
	EndGlobalSection
EndGlobal
